
Microsoft Visual Studio Solution File, Format Version 12.00
# Visual Studio Version 17
VisualStudioVersion = 17.5.33103.201
MinimumVisualStudioVersion = 10.0.40219.1
Project("{FAE04EC0-301F-11D3-BF4B-00C04F79EFBC}") = "LR_1", "LR_1\LR_1.csproj", "{49E2155C-4CF3-4A94-BB67-524533E8C97F}"
EndProject
Global
	GlobalSection(SolutionConfigurationPlatforms) = preSolution
		Debug|Any CPU = Debug|Any CPU
		Release|Any CPU = Release|Any CPU
	EndGlobalSection
	GlobalSection(ProjectConfigurationPlatforms) = postSolution
		{49E2155C-4CF3-4A94-BB67-524533E8C97F}.Debug|Any CPU.ActiveCfg = Debug|Any CPU
		{49E2155C-4CF3-4A94-BB67-524533E8C97F}.Debug|Any CPU.Build.0 = Debug|Any CPU
		{49E2155C-4CF3-4A94-BB67-524533E8C97F}.Release|Any CPU.ActiveCfg = Release|Any CPU
		{49E2155C-4CF3-4A94-BB67-524533E8C97F}.Release|Any CPU.Build.0 = Release|Any CPU
	EndGlobalSection
	GlobalSection(SolutionProperties) = preSolution
		HideSolutionNode = FALSE
	EndGlobalSection
	GlobalSection(ExtensibilityGlobals) = postSolution
		SolutionGuid = {6E122E95-749E-4DEB-982B-DEACE04B98A3}
	EndGlobalSection
EndGlobal
